// !$*UTF8*$!
{
	archiveVersion = 1;
	classes = {
	};
	objectVersion = 56;
	objects = {

/* Begin PBXBuildFile section */
		2F4ABE262BE7C18300F05C91 /* AppServices.h in Headers */ = {isa = PBXBuildFile; fileRef = 2F4ABE1A2BE7C18300F05C91 /* AppServices.h */; settings = {ATTRIBUTES = (Public, ); }; };
		2F4ABE4A2BE7C21800F05C91 /* APIError.swift in Sources */ = {isa = PBXBuildFile; fileRef = 2F4ABE2F2BE7C21800F05C91 /* APIError.swift */; };
		2F4ABE4B2BE7C21800F05C91 /* APIService.swift in Sources */ = {isa = PBXBuildFile; fileRef = 2F4ABE302BE7C21800F05C91 /* APIService.swift */; };
		2F4ABE4C2BE7C21800F05C91 /* APIServiceProtocol.swift in Sources */ = {isa = PBXBuildFile; fileRef = 2F4ABE312BE7C21800F05C91 /* APIServiceProtocol.swift */; };
		2F4ABE4E2BE7C21800F05C91 /* AppURLRequestConvertible.swift in Sources */ = {isa = PBXBuildFile; fileRef = 2F4ABE332BE7C21800F05C91 /* AppURLRequestConvertible.swift */; };
		2F4ABE512BE7C21800F05C91 /* AppResult.swift in Sources */ = {isa = PBXBuildFile; fileRef = 2F4ABE362BE7C21800F05C91 /* AppResult.swift */; };
		2F509B3A2BE825B6004E32DB /* Alamofire in Frameworks */ = {isa = PBXBuildFile; productRef = 2F509B392BE825B6004E32DB /* Alamofire */; };
		2F509B3C2BE825B6004E32DB /* AlamofireDynamic in Frameworks */ = {isa = PBXBuildFile; productRef = 2F509B3B2BE825B6004E32DB /* AlamofireDynamic */; };
		2F509B702BE8306F004E32DB /* RealmSwift in Frameworks */ = {isa = PBXBuildFile; productRef = 2F509B6F2BE8306F004E32DB /* RealmSwift */; };
		2F509BB82BE85308004E32DB /* URLRequestConvertibleImpl.swift in Sources */ = {isa = PBXBuildFile; fileRef = 2F509BB72BE85308004E32DB /* URLRequestConvertibleImpl.swift */; };
		7B5845D02BE7EA650014557D /* NetworkConstants.swift in Sources */ = {isa = PBXBuildFile; fileRef = 7B5845CF2BE7EA650014557D /* NetworkConstants.swift */; };
/* End PBXBuildFile section */

/* Begin PBXFileReference section */
		2F4ABE172BE7C18300F05C91 /* AppServices.framework */ = {isa = PBXFileReference; explicitFileType = wrapper.framework; includeInIndex = 0; path = AppServices.framework; sourceTree = BUILT_PRODUCTS_DIR; };
		2F4ABE1A2BE7C18300F05C91 /* AppServices.h */ = {isa = PBXFileReference; lastKnownFileType = sourcecode.c.h; path = AppServices.h; sourceTree = "<group>"; };
		2F4ABE2F2BE7C21800F05C91 /* APIError.swift */ = {isa = PBXFileReference; fileEncoding = 4; lastKnownFileType = sourcecode.swift; path = APIError.swift; sourceTree = "<group>"; };
		2F4ABE302BE7C21800F05C91 /* APIService.swift */ = {isa = PBXFileReference; fileEncoding = 4; lastKnownFileType = sourcecode.swift; path = APIService.swift; sourceTree = "<group>"; };
		2F4ABE312BE7C21800F05C91 /* APIServiceProtocol.swift */ = {isa = PBXFileReference; fileEncoding = 4; lastKnownFileType = sourcecode.swift; path = APIServiceProtocol.swift; sourceTree = "<group>"; };
		2F4ABE332BE7C21800F05C91 /* AppURLRequestConvertible.swift */ = {isa = PBXFileReference; fileEncoding = 4; lastKnownFileType = sourcecode.swift; path = AppURLRequestConvertible.swift; sourceTree = "<group>"; };
		2F4ABE362BE7C21800F05C91 /* AppResult.swift */ = {isa = PBXFileReference; fileEncoding = 4; lastKnownFileType = sourcecode.swift; path = AppResult.swift; sourceTree = "<group>"; };
		2F509BB72BE85308004E32DB /* URLRequestConvertibleImpl.swift */ = {isa = PBXFileReference; lastKnownFileType = sourcecode.swift; path = URLRequestConvertibleImpl.swift; sourceTree = "<group>"; };
		7B5845CF2BE7EA650014557D /* NetworkConstants.swift */ = {isa = PBXFileReference; lastKnownFileType = sourcecode.swift; path = NetworkConstants.swift; sourceTree = "<group>"; };
		7B5845D12BE7EBF20014557D /* RealmSwift.framework */ = {isa = PBXFileReference; explicitFileType = wrapper.framework; path = RealmSwift.framework; sourceTree = BUILT_PRODUCTS_DIR; };
		7B5845D52BE7EC010014557D /* Realm.framework */ = {isa = PBXFileReference; explicitFileType = wrapper.framework; path = Realm.framework; sourceTree = BUILT_PRODUCTS_DIR; };
/* End PBXFileReference section */

/* Begin PBXFrameworksBuildPhase section */
		2F4ABE142BE7C18300F05C91 /* Frameworks */ = {
			isa = PBXFrameworksBuildPhase;
			buildActionMask = 2147483647;
			files = (
				2F509B702BE8306F004E32DB /* RealmSwift in Frameworks */,
				2F509B3A2BE825B6004E32DB /* Alamofire in Frameworks */,
				2F509B3C2BE825B6004E32DB /* AlamofireDynamic in Frameworks */,
			);
			runOnlyForDeploymentPostprocessing = 0;
		};
/* End PBXFrameworksBuildPhase section */

/* Begin PBXGroup section */
		2F4ABE0D2BE7C18300F05C91 = {
			isa = PBXGroup;
			children = (
				2F4ABE192BE7C18300F05C91 /* AppServices */,
				2F4ABE182BE7C18300F05C91 /* Products */,
				73E77A50AA403DB08B6384F6 /* Frameworks */,
			);
			sourceTree = "<group>";
		};
		2F4ABE182BE7C18300F05C91 /* Products */ = {
			isa = PBXGroup;
			children = (
				2F4ABE172BE7C18300F05C91 /* AppServices.framework */,
			);
			name = Products;
			sourceTree = "<group>";
		};
		2F4ABE192BE7C18300F05C91 /* AppServices */ = {
			isa = PBXGroup;
			children = (
				2F4ABE1A2BE7C18300F05C91 /* AppServices.h */,
				2F4ABE382BE7C21800F05C91 /* NetworkLayer */,
			);
			path = AppServices;
			sourceTree = "<group>";
		};
		2F4ABE382BE7C21800F05C91 /* NetworkLayer */ = {
			isa = PBXGroup;
			children = (
				2F4ABE362BE7C21800F05C91 /* AppResult.swift */,
				2F4ABE2F2BE7C21800F05C91 /* APIError.swift */,
				2F4ABE312BE7C21800F05C91 /* APIServiceProtocol.swift */,
				2F4ABE302BE7C21800F05C91 /* APIService.swift */,
				2F4ABE332BE7C21800F05C91 /* AppURLRequestConvertible.swift */,
				2F509BB72BE85308004E32DB /* URLRequestConvertibleImpl.swift */,
				7B5845CF2BE7EA650014557D /* NetworkConstants.swift */,
			);
			path = NetworkLayer;
			sourceTree = "<group>";
		};
		73E77A50AA403DB08B6384F6 /* Frameworks */ = {
			isa = PBXGroup;
			children = (
				7B5845D52BE7EC010014557D /* Realm.framework */,
				7B5845D12BE7EBF20014557D /* RealmSwift.framework */,
			);
			name = Frameworks;
			sourceTree = "<group>";
		};
/* End PBXGroup section */

/* Begin PBXHeadersBuildPhase section */
		2F4ABE122BE7C18300F05C91 /* Headers */ = {
			isa = PBXHeadersBuildPhase;
			buildActionMask = 2147483647;
			files = (
				2F4ABE262BE7C18300F05C91 /* AppServices.h in Headers */,
			);
			runOnlyForDeploymentPostprocessing = 0;
		};
/* End PBXHeadersBuildPhase section */

/* Begin PBXNativeTarget section */
		2F4ABE162BE7C18300F05C91 /* AppServices */ = {
			isa = PBXNativeTarget;
			buildConfigurationList = 2F4ABE292BE7C18300F05C91 /* Build configuration list for PBXNativeTarget "AppServices" */;
			buildPhases = (
				2F4ABE122BE7C18300F05C91 /* Headers */,
				2F4ABE132BE7C18300F05C91 /* Sources */,
				2F4ABE142BE7C18300F05C91 /* Frameworks */,
				2F4ABE152BE7C18300F05C91 /* Resources */,
			);
			buildRules = (
			);
			dependencies = (
			);
			name = AppServices;
			packageProductDependencies = (
				2F509B392BE825B6004E32DB /* Alamofire */,
				2F509B3B2BE825B6004E32DB /* AlamofireDynamic */,
				2F509B6F2BE8306F004E32DB /* RealmSwift */,
			);
			productName = AppServices;
			productReference = 2F4ABE172BE7C18300F05C91 /* AppServices.framework */;
			productType = "com.apple.product-type.framework";
		};
/* End PBXNativeTarget section */

/* Begin PBXProject section */
		2F4ABE0E2BE7C18300F05C91 /* Project object */ = {
			isa = PBXProject;
			attributes = {
				BuildIndependentTargetsInParallel = 1;
				LastSwiftUpdateCheck = 1530;
				LastUpgradeCheck = 1530;
				TargetAttributes = {
					2F4ABE162BE7C18300F05C91 = {
						CreatedOnToolsVersion = 15.3;
					};
				};
			};
			buildConfigurationList = 2F4ABE112BE7C18300F05C91 /* Build configuration list for PBXProject "AppServices" */;
			compatibilityVersion = "Xcode 14.0";
			developmentRegion = en;
			hasScannedForEncodings = 0;
			knownRegions = (
				en,
				Base,
			);
			mainGroup = 2F4ABE0D2BE7C18300F05C91;
			packageReferences = (
				2F509B382BE825B6004E32DB /* XCRemoteSwiftPackageReference "Alamofire" */,
				2F509B6E2BE8306F004E32DB /* XCRemoteSwiftPackageReference "realm-swift" */,
			);
			productRefGroup = 2F4ABE182BE7C18300F05C91 /* Products */;
			projectDirPath = "";
			projectRoot = "";
			targets = (
				2F4ABE162BE7C18300F05C91 /* AppServices */,
			);
		};
/* End PBXProject section */

/* Begin PBXResourcesBuildPhase section */
		2F4ABE152BE7C18300F05C91 /* Resources */ = {
			isa = PBXResourcesBuildPhase;
			buildActionMask = 2147483647;
			files = (
			);
			runOnlyForDeploymentPostprocessing = 0;
		};
/* End PBXResourcesBuildPhase section */

/* Begin PBXSourcesBuildPhase section */
		2F4ABE132BE7C18300F05C91 /* Sources */ = {
			isa = PBXSourcesBuildPhase;
			buildActionMask = 2147483647;
			files = (
				7B5845D02BE7EA650014557D /* NetworkConstants.swift in Sources */,
				2F4ABE4E2BE7C21800F05C91 /* AppURLRequestConvertible.swift in Sources */,
				2F4ABE4C2BE7C21800F05C91 /* APIServiceProtocol.swift in Sources */,
				2F4ABE4B2BE7C21800F05C91 /* APIService.swift in Sources */,
				2F509BB82BE85308004E32DB /* URLRequestConvertibleImpl.swift in Sources */,
				2F4ABE4A2BE7C21800F05C91 /* APIError.swift in Sources */,
				2F4ABE512BE7C21800F05C91 /* AppResult.swift in Sources */,
			);
			runOnlyForDeploymentPostprocessing = 0;
		};
/* End PBXSourcesBuildPhase section */

/* Begin XCBuildConfiguration section */
		2F4ABE272BE7C18300F05C91 /* Debug */ = {
			isa = XCBuildConfiguration;
			buildSettings = {
				ALWAYS_SEARCH_USER_PATHS = NO;
				ASSETCATALOG_COMPILER_GENERATE_SWIFT_ASSET_SYMBOL_EXTENSIONS = YES;
				CLANG_ANALYZER_NONNULL = YES;
				CLANG_ANALYZER_NUMBER_OBJECT_CONVERSION = YES_AGGRESSIVE;
				CLANG_CXX_LANGUAGE_STANDARD = "gnu++20";
				CLANG_ENABLE_MODULES = YES;
				CLANG_ENABLE_OBJC_ARC = YES;
				CLANG_ENABLE_OBJC_WEAK = YES;
				CLANG_WARN_BLOCK_CAPTURE_AUTORELEASING = YES;
				CLANG_WARN_BOOL_CONVERSION = YES;
				CLANG_WARN_COMMA = YES;
				CLANG_WARN_CONSTANT_CONVERSION = YES;
				CLANG_WARN_DEPRECATED_OBJC_IMPLEMENTATIONS = YES;
				CLANG_WARN_DIRECT_OBJC_ISA_USAGE = YES_ERROR;
				CLANG_WARN_DOCUMENTATION_COMMENTS = YES;
				CLANG_WARN_EMPTY_BODY = YES;
				CLANG_WARN_ENUM_CONVERSION = YES;
				CLANG_WARN_INFINITE_RECURSION = YES;
				CLANG_WARN_INT_CONVERSION = YES;
				CLANG_WARN_NON_LITERAL_NULL_CONVERSION = YES;
				CLANG_WARN_OBJC_IMPLICIT_RETAIN_SELF = YES;
				CLANG_WARN_OBJC_LITERAL_CONVERSION = YES;
				CLANG_WARN_OBJC_ROOT_CLASS = YES_ERROR;
				CLANG_WARN_QUOTED_INCLUDE_IN_FRAMEWORK_HEADER = YES;
				CLANG_WARN_RANGE_LOOP_ANALYSIS = YES;
				CLANG_WARN_STRICT_PROTOTYPES = YES;
				CLANG_WARN_SUSPICIOUS_MOVE = YES;
				CLANG_WARN_UNGUARDED_AVAILABILITY = YES_AGGRESSIVE;
				CLANG_WARN_UNREACHABLE_CODE = YES;
				CLANG_WARN__DUPLICATE_METHOD_MATCH = YES;
				COPY_PHASE_STRIP = NO;
				CURRENT_PROJECT_VERSION = 1;
				DEBUG_INFORMATION_FORMAT = dwarf;
				ENABLE_STRICT_OBJC_MSGSEND = YES;
				ENABLE_TESTABILITY = YES;
				ENABLE_USER_SCRIPT_SANDBOXING = YES;
				GCC_C_LANGUAGE_STANDARD = gnu17;
				GCC_DYNAMIC_NO_PIC = NO;
				GCC_NO_COMMON_BLOCKS = YES;
				GCC_OPTIMIZATION_LEVEL = 0;
				GCC_PREPROCESSOR_DEFINITIONS = (
					"DEBUG=1",
					"$(inherited)",
				);
				GCC_WARN_64_TO_32_BIT_CONVERSION = YES;
				GCC_WARN_ABOUT_RETURN_TYPE = YES_ERROR;
				GCC_WARN_UNDECLARED_SELECTOR = YES;
				GCC_WARN_UNINITIALIZED_AUTOS = YES_AGGRESSIVE;
				GCC_WARN_UNUSED_FUNCTION = YES;
				GCC_WARN_UNUSED_VARIABLE = YES;
				IPHONEOS_DEPLOYMENT_TARGET = 17.4;
				LOCALIZATION_PREFERS_STRING_CATALOGS = YES;
				MTL_ENABLE_DEBUG_INFO = INCLUDE_SOURCE;
				MTL_FAST_MATH = YES;
				ONLY_ACTIVE_ARCH = YES;
				SDKROOT = iphoneos;
				SWIFT_ACTIVE_COMPILATION_CONDITIONS = "DEBUG $(inherited)";
				SWIFT_OPTIMIZATION_LEVEL = "-Onone";
				VERSIONING_SYSTEM = "apple-generic";
				VERSION_INFO_PREFIX = "";
			};
			name = Debug;
		};
		2F4ABE282BE7C18300F05C91 /* Release */ = {
			isa = XCBuildConfiguration;
			buildSettings = {
				ALWAYS_SEARCH_USER_PATHS = NO;
				ASSETCATALOG_COMPILER_GENERATE_SWIFT_ASSET_SYMBOL_EXTENSIONS = YES;
				CLANG_ANALYZER_NONNULL = YES;
				CLANG_ANALYZER_NUMBER_OBJECT_CONVERSION = YES_AGGRESSIVE;
				CLANG_CXX_LANGUAGE_STANDARD = "gnu++20";
				CLANG_ENABLE_MODULES = YES;
				CLANG_ENABLE_OBJC_ARC = YES;
				CLANG_ENABLE_OBJC_WEAK = YES;
				CLANG_WARN_BLOCK_CAPTURE_AUTORELEASING = YES;
				CLANG_WARN_BOOL_CONVERSION = YES;
				CLANG_WARN_COMMA = YES;
				CLANG_WARN_CONSTANT_CONVERSION = YES;
				CLANG_WARN_DEPRECATED_OBJC_IMPLEMENTATIONS = YES;
				CLANG_WARN_DIRECT_OBJC_ISA_USAGE = YES_ERROR;
				CLANG_WARN_DOCUMENTATION_COMMENTS = YES;
				CLANG_WARN_EMPTY_BODY = YES;
				CLANG_WARN_ENUM_CONVERSION = YES;
				CLANG_WARN_INFINITE_RECURSION = YES;
				CLANG_WARN_INT_CONVERSION = YES;
				CLANG_WARN_NON_LITERAL_NULL_CONVERSION = YES;
				CLANG_WARN_OBJC_IMPLICIT_RETAIN_SELF = YES;
				CLANG_WARN_OBJC_LITERAL_CONVERSION = YES;
				CLANG_WARN_OBJC_ROOT_CLASS = YES_ERROR;
				CLANG_WARN_QUOTED_INCLUDE_IN_FRAMEWORK_HEADER = YES;
				CLANG_WARN_RANGE_LOOP_ANALYSIS = YES;
				CLANG_WARN_STRICT_PROTOTYPES = YES;
				CLANG_WARN_SUSPICIOUS_MOVE = YES;
				CLANG_WARN_UNGUARDED_AVAILABILITY = YES_AGGRESSIVE;
				CLANG_WARN_UNREACHABLE_CODE = YES;
				CLANG_WARN__DUPLICATE_METHOD_MATCH = YES;
				COPY_PHASE_STRIP = NO;
				CURRENT_PROJECT_VERSION = 1;
				DEBUG_INFORMATION_FORMAT = "dwarf-with-dsym";
				ENABLE_NS_ASSERTIONS = NO;
				ENABLE_STRICT_OBJC_MSGSEND = YES;
				ENABLE_USER_SCRIPT_SANDBOXING = YES;
				GCC_C_LANGUAGE_STANDARD = gnu17;
				GCC_NO_COMMON_BLOCKS = YES;
				GCC_WARN_64_TO_32_BIT_CONVERSION = YES;
				GCC_WARN_ABOUT_RETURN_TYPE = YES_ERROR;
				GCC_WARN_UNDECLARED_SELECTOR = YES;
				GCC_WARN_UNINITIALIZED_AUTOS = YES_AGGRESSIVE;
				GCC_WARN_UNUSED_FUNCTION = YES;
				GCC_WARN_UNUSED_VARIABLE = YES;
				IPHONEOS_DEPLOYMENT_TARGET = 17.4;
				LOCALIZATION_PREFERS_STRING_CATALOGS = YES;
				MTL_ENABLE_DEBUG_INFO = NO;
				MTL_FAST_MATH = YES;
				SDKROOT = iphoneos;
				SWIFT_COMPILATION_MODE = wholemodule;
				VALIDATE_PRODUCT = YES;
				VERSIONING_SYSTEM = "apple-generic";
				VERSION_INFO_PREFIX = "";
			};
			name = Release;
		};
		2F4ABE2A2BE7C18300F05C91 /* Debug */ = {
			isa = XCBuildConfiguration;
			buildSettings = {
				BUILD_LIBRARY_FOR_DISTRIBUTION = NO;
				CODE_SIGN_STYLE = Automatic;
				CURRENT_PROJECT_VERSION = 1;
				DEFINES_MODULE = YES;
				DEVELOPMENT_TEAM = XNC5C24RYH;
				DYLIB_COMPATIBILITY_VERSION = 1;
				DYLIB_CURRENT_VERSION = 1;
				DYLIB_INSTALL_NAME_BASE = "@rpath";
				ENABLE_MODULE_VERIFIER = YES;
				GENERATE_INFOPLIST_FILE = YES;
				INFOPLIST_KEY_NSHumanReadableCopyright = "";
				INSTALL_PATH = "$(LOCAL_LIBRARY_DIR)/Frameworks";
				IPHONEOS_DEPLOYMENT_TARGET = 15.0;
				LD_RUNPATH_SEARCH_PATHS = (
					"$(inherited)",
					"@executable_path/Frameworks",
					"@loader_path/Frameworks",
				);
				MARKETING_VERSION = 1.0;
				MODULE_VERIFIER_SUPPORTED_LANGUAGES = "objective-c objective-c++";
				MODULE_VERIFIER_SUPPORTED_LANGUAGE_STANDARDS = "gnu17 gnu++20";
				PRODUCT_BUNDLE_IDENTIFIER = com.universitiesassignment.app.AppServices;
				PRODUCT_NAME = "$(TARGET_NAME:c99extidentifier)";
				SKIP_INSTALL = YES;
				SUPPORTED_PLATFORMS = "iphoneos iphonesimulator";
				SUPPORTS_MACCATALYST = NO;
				SUPPORTS_MAC_DESIGNED_FOR_IPHONE_IPAD = NO;
				SUPPORTS_XR_DESIGNED_FOR_IPHONE_IPAD = NO;
				SWIFT_EMIT_LOC_STRINGS = YES;
				SWIFT_INSTALL_OBJC_HEADER = NO;
				SWIFT_VERSION = 5.0;
				TARGETED_DEVICE_FAMILY = "1,2";
			};
			name = Debug;
		};
		2F4ABE2B2BE7C18300F05C91 /* Release */ = {
			isa = XCBuildConfiguration;
			buildSettings = {
				BUILD_LIBRARY_FOR_DISTRIBUTION = NO;
				CODE_SIGN_STYLE = Automatic;
				CURRENT_PROJECT_VERSION = 1;
				DEFINES_MODULE = YES;
				DEVELOPMENT_TEAM = XNC5C24RYH;
				DYLIB_COMPATIBILITY_VERSION = 1;
				DYLIB_CURRENT_VERSION = 1;
				DYLIB_INSTALL_NAME_BASE = "@rpath";
				ENABLE_MODULE_VERIFIER = YES;
				GENERATE_INFOPLIST_FILE = YES;
				INFOPLIST_KEY_NSHumanReadableCopyright = "";
				INSTALL_PATH = "$(LOCAL_LIBRARY_DIR)/Frameworks";
				IPHONEOS_DEPLOYMENT_TARGET = 15.0;
				LD_RUNPATH_SEARCH_PATHS = (
					"$(inherited)",
					"@executable_path/Frameworks",
					"@loader_path/Frameworks",
				);
				MARKETING_VERSION = 1.0;
				MODULE_VERIFIER_SUPPORTED_LANGUAGES = "objective-c objective-c++";
				MODULE_VERIFIER_SUPPORTED_LANGUAGE_STANDARDS = "gnu17 gnu++20";
				PRODUCT_BUNDLE_IDENTIFIER = com.universitiesassignment.app.AppServices;
				PRODUCT_NAME = "$(TARGET_NAME:c99extidentifier)";
				SKIP_INSTALL = YES;
				SUPPORTED_PLATFORMS = "iphoneos iphonesimulator";
				SUPPORTS_MACCATALYST = NO;
				SUPPORTS_MAC_DESIGNED_FOR_IPHONE_IPAD = NO;
				SUPPORTS_XR_DESIGNED_FOR_IPHONE_IPAD = NO;
				SWIFT_EMIT_LOC_STRINGS = YES;
				SWIFT_INSTALL_OBJC_HEADER = NO;
				SWIFT_VERSION = 5.0;
				TARGETED_DEVICE_FAMILY = "1,2";
			};
			name = Release;
		};
/* End XCBuildConfiguration section */

/* Begin XCConfigurationList section */
		2F4ABE112BE7C18300F05C91 /* Build configuration list for PBXProject "AppServices" */ = {
			isa = XCConfigurationList;
			buildConfigurations = (
				2F4ABE272BE7C18300F05C91 /* Debug */,
				2F4ABE282BE7C18300F05C91 /* Release */,
			);
			defaultConfigurationIsVisible = 0;
			defaultConfigurationName = Release;
		};
		2F4ABE292BE7C18300F05C91 /* Build configuration list for PBXNativeTarget "AppServices" */ = {
			isa = XCConfigurationList;
			buildConfigurations = (
				2F4ABE2A2BE7C18300F05C91 /* Debug */,
				2F4ABE2B2BE7C18300F05C91 /* Release */,
			);
			defaultConfigurationIsVisible = 0;
			defaultConfigurationName = Release;
		};
/* End XCConfigurationList section */

/* Begin XCRemoteSwiftPackageReference section */
		2F509B382BE825B6004E32DB /* XCRemoteSwiftPackageReference "Alamofire" */ = {
			isa = XCRemoteSwiftPackageReference;
			repositoryURL = "https://github.com/Alamofire/Alamofire.git";
			requirement = {
				kind = upToNextMajorVersion;
				minimumVersion = 5.9.1;
			};
		};
		2F509B6E2BE8306F004E32DB /* XCRemoteSwiftPackageReference "realm-swift" */ = {
			isa = XCRemoteSwiftPackageReference;
			repositoryURL = "https://github.com/realm/realm-swift.git";
			requirement = {
				kind = upToNextMajorVersion;
				minimumVersion = 10.0.0;
			};
		};
/* End XCRemoteSwiftPackageReference section */

/* Begin XCSwiftPackageProductDependency section */
		2F509B392BE825B6004E32DB /* Alamofire */ = {
			isa = XCSwiftPackageProductDependency;
			package = 2F509B382BE825B6004E32DB /* XCRemoteSwiftPackageReference "Alamofire" */;
			productName = Alamofire;
		};
		2F509B3B2BE825B6004E32DB /* AlamofireDynamic */ = {
			isa = XCSwiftPackageProductDependency;
			package = 2F509B382BE825B6004E32DB /* XCRemoteSwiftPackageReference "Alamofire" */;
			productName = AlamofireDynamic;
		};
		2F509B6F2BE8306F004E32DB /* RealmSwift */ = {
			isa = XCSwiftPackageProductDependency;
			package = 2F509B6E2BE8306F004E32DB /* XCRemoteSwiftPackageReference "realm-swift" */;
			productName = RealmSwift;
		};
/* End XCSwiftPackageProductDependency section */
	};
	rootObject = 2F4ABE0E2BE7C18300F05C91 /* Project object */;
}
