// !$*UTF8*$!
{
	archiveVersion = 1;
	classes = {
	};
	objectVersion = 56;
	objects = {

/* Begin PBXBuildFile section */
		2FDC776F2BE56531002F0947 /* AppDelegate.swift in Sources */ = {isa = PBXBuildFile; fileRef = 2FDC776E2BE56531002F0947 /* AppDelegate.swift */; };
		2FDC77712BE56531002F0947 /* SceneDelegate.swift in Sources */ = {isa = PBXBuildFile; fileRef = 2FDC77702BE56531002F0947 /* SceneDelegate.swift */; };
		2FDC77732BE56531002F0947 /* ViewController.swift in Sources */ = {isa = PBXBuildFile; fileRef = 2FDC77722BE56531002F0947 /* ViewController.swift */; };
		2FDC77762BE56531002F0947 /* Base in Resources */ = {isa = PBXBuildFile; fileRef = 2FDC77752BE56531002F0947 /* Base */; };
		2FDC77782BE56534002F0947 /* Assets.xcassets in Resources */ = {isa = PBXBuildFile; fileRef = 2FDC77772BE56534002F0947 /* Assets.xcassets */; };
		2FDC777B2BE56534002F0947 /* Base in Resources */ = {isa = PBXBuildFile; fileRef = 2FDC777A2BE56534002F0947 /* Base */; };
		2FDC77862BE56535002F0947 /* UniversitiesAssignmentTests.swift in Sources */ = {isa = PBXBuildFile; fileRef = 2FDC77852BE56535002F0947 /* UniversitiesAssignmentTests.swift */; };
		2FDC77902BE56535002F0947 /* UniversitiesAssignmentUITests.swift in Sources */ = {isa = PBXBuildFile; fileRef = 2FDC778F2BE56535002F0947 /* UniversitiesAssignmentUITests.swift */; };
		2FDC77922BE56535002F0947 /* UniversitiesAssignmentUITestsLaunchTests.swift in Sources */ = {isa = PBXBuildFile; fileRef = 2FDC77912BE56535002F0947 /* UniversitiesAssignmentUITestsLaunchTests.swift */; };
/* End PBXBuildFile section */

/* Begin PBXContainerItemProxy section */
		2FDC77822BE56535002F0947 /* PBXContainerItemProxy */ = {
			isa = PBXContainerItemProxy;
			containerPortal = 2FDC77632BE56531002F0947 /* Project object */;
			proxyType = 1;
			remoteGlobalIDString = 2FDC776A2BE56531002F0947;
			remoteInfo = UniversitiesAssignment;
		};
		2FDC778C2BE56535002F0947 /* PBXContainerItemProxy */ = {
			isa = PBXContainerItemProxy;
			containerPortal = 2FDC77632BE56531002F0947 /* Project object */;
			proxyType = 1;
			remoteGlobalIDString = 2FDC776A2BE56531002F0947;
			remoteInfo = UniversitiesAssignment;
		};
/* End PBXContainerItemProxy section */

/* Begin PBXFileReference section */
		2FDC776B2BE56531002F0947 /* UniversitiesAssignment.app */ = {isa = PBXFileReference; explicitFileType = wrapper.application; includeInIndex = 0; path = UniversitiesAssignment.app; sourceTree = BUILT_PRODUCTS_DIR; };
		2FDC776E2BE56531002F0947 /* AppDelegate.swift */ = {isa = PBXFileReference; lastKnownFileType = sourcecode.swift; path = AppDelegate.swift; sourceTree = "<group>"; };
		2FDC77702BE56531002F0947 /* SceneDelegate.swift */ = {isa = PBXFileReference; lastKnownFileType = sourcecode.swift; path = SceneDelegate.swift; sourceTree = "<group>"; };
		2FDC77722BE56531002F0947 /* ViewController.swift */ = {isa = PBXFileReference; lastKnownFileType = sourcecode.swift; path = ViewController.swift; sourceTree = "<group>"; };
		2FDC77752BE56531002F0947 /* Base */ = {isa = PBXFileReference; lastKnownFileType = file.storyboard; name = Base; path = Base.lproj/Main.storyboard; sourceTree = "<group>"; };
		2FDC77772BE56534002F0947 /* Assets.xcassets */ = {isa = PBXFileReference; lastKnownFileType = folder.assetcatalog; path = Assets.xcassets; sourceTree = "<group>"; };
		2FDC777A2BE56534002F0947 /* Base */ = {isa = PBXFileReference; lastKnownFileType = file.storyboard; name = Base; path = Base.lproj/LaunchScreen.storyboard; sourceTree = "<group>"; };
		2FDC777C2BE56534002F0947 /* Info.plist */ = {isa = PBXFileReference; lastKnownFileType = text.plist.xml; path = Info.plist; sourceTree = "<group>"; };
		2FDC77812BE56535002F0947 /* UniversitiesAssignmentTests.xctest */ = {isa = PBXFileReference; explicitFileType = wrapper.cfbundle; includeInIndex = 0; path = UniversitiesAssignmentTests.xctest; sourceTree = BUILT_PRODUCTS_DIR; };
		2FDC77852BE56535002F0947 /* UniversitiesAssignmentTests.swift */ = {isa = PBXFileReference; lastKnownFileType = sourcecode.swift; path = UniversitiesAssignmentTests.swift; sourceTree = "<group>"; };
		2FDC778B2BE56535002F0947 /* UniversitiesAssignmentUITests.xctest */ = {isa = PBXFileReference; explicitFileType = wrapper.cfbundle; includeInIndex = 0; path = UniversitiesAssignmentUITests.xctest; sourceTree = BUILT_PRODUCTS_DIR; };
		2FDC778F2BE56535002F0947 /* UniversitiesAssignmentUITests.swift */ = {isa = PBXFileReference; lastKnownFileType = sourcecode.swift; path = UniversitiesAssignmentUITests.swift; sourceTree = "<group>"; };
		2FDC77912BE56535002F0947 /* UniversitiesAssignmentUITestsLaunchTests.swift */ = {isa = PBXFileReference; lastKnownFileType = sourcecode.swift; path = UniversitiesAssignmentUITestsLaunchTests.swift; sourceTree = "<group>"; };
/* End PBXFileReference section */

/* Begin PBXFrameworksBuildPhase section */
		2FDC77682BE56531002F0947 /* Frameworks */ = {
			isa = PBXFrameworksBuildPhase;
			buildActionMask = 2147483647;
			files = (
			);
			runOnlyForDeploymentPostprocessing = 0;
		};
		2FDC777E2BE56535002F0947 /* Frameworks */ = {
			isa = PBXFrameworksBuildPhase;
			buildActionMask = 2147483647;
			files = (
			);
			runOnlyForDeploymentPostprocessing = 0;
		};
		2FDC77882BE56535002F0947 /* Frameworks */ = {
			isa = PBXFrameworksBuildPhase;
			buildActionMask = 2147483647;
			files = (
			);
			runOnlyForDeploymentPostprocessing = 0;
		};
/* End PBXFrameworksBuildPhase section */

/* Begin PBXGroup section */
		2FDC77622BE56531002F0947 = {
			isa = PBXGroup;
			children = (
				2FDC776D2BE56531002F0947 /* UniversitiesAssignment */,
				2FDC77842BE56535002F0947 /* UniversitiesAssignmentTests */,
				2FDC778E2BE56535002F0947 /* UniversitiesAssignmentUITests */,
				2FDC776C2BE56531002F0947 /* Products */,
			);
			sourceTree = "<group>";
		};
		2FDC776C2BE56531002F0947 /* Products */ = {
			isa = PBXGroup;
			children = (
				2FDC776B2BE56531002F0947 /* UniversitiesAssignment.app */,
				2FDC77812BE56535002F0947 /* UniversitiesAssignmentTests.xctest */,
				2FDC778B2BE56535002F0947 /* UniversitiesAssignmentUITests.xctest */,
			);
			name = Products;
			sourceTree = "<group>";
		};
		2FDC776D2BE56531002F0947 /* UniversitiesAssignment */ = {
			isa = PBXGroup;
			children = (
				2FDC776E2BE56531002F0947 /* AppDelegate.swift */,
				2FDC77702BE56531002F0947 /* SceneDelegate.swift */,
				2FDC77722BE56531002F0947 /* ViewController.swift */,
				2FDC77742BE56531002F0947 /* Main.storyboard */,
				2FDC77772BE56534002F0947 /* Assets.xcassets */,
				2FDC77792BE56534002F0947 /* LaunchScreen.storyboard */,
				2FDC777C2BE56534002F0947 /* Info.plist */,
			);
			path = UniversitiesAssignment;
			sourceTree = "<group>";
		};
		2FDC77842BE56535002F0947 /* UniversitiesAssignmentTests */ = {
			isa = PBXGroup;
			children = (
				2FDC77852BE56535002F0947 /* UniversitiesAssignmentTests.swift */,
			);
			path = UniversitiesAssignmentTests;
			sourceTree = "<group>";
		};
		2FDC778E2BE56535002F0947 /* UniversitiesAssignmentUITests */ = {
			isa = PBXGroup;
			children = (
				2FDC778F2BE56535002F0947 /* UniversitiesAssignmentUITests.swift */,
				2FDC77912BE56535002F0947 /* UniversitiesAssignmentUITestsLaunchTests.swift */,
			);
			path = UniversitiesAssignmentUITests;
			sourceTree = "<group>";
		};
/* End PBXGroup section */

/* Begin PBXNativeTarget section */
		2FDC776A2BE56531002F0947 /* UniversitiesAssignment */ = {
			isa = PBXNativeTarget;
			buildConfigurationList = 2FDC77952BE56535002F0947 /* Build configuration list for PBXNativeTarget "UniversitiesAssignment" */;
			buildPhases = (
				2FDC77672BE56531002F0947 /* Sources */,
				2FDC77682BE56531002F0947 /* Frameworks */,
				2FDC77692BE56531002F0947 /* Resources */,
			);
			buildRules = (
			);
			dependencies = (
			);
			name = UniversitiesAssignment;
			productName = UniversitiesAssignment;
			productReference = 2FDC776B2BE56531002F0947 /* UniversitiesAssignment.app */;
			productType = "com.apple.product-type.application";
		};
		2FDC77802BE56535002F0947 /* UniversitiesAssignmentTests */ = {
			isa = PBXNativeTarget;
			buildConfigurationList = 2FDC77982BE56535002F0947 /* Build configuration list for PBXNativeTarget "UniversitiesAssignmentTests" */;
			buildPhases = (
				2FDC777D2BE56535002F0947 /* Sources */,
				2FDC777E2BE56535002F0947 /* Frameworks */,
				2FDC777F2BE56535002F0947 /* Resources */,
			);
			buildRules = (
			);
			dependencies = (
				2FDC77832BE56535002F0947 /* PBXTargetDependency */,
			);
			name = UniversitiesAssignmentTests;
			productName = UniversitiesAssignmentTests;
			productReference = 2FDC77812BE56535002F0947 /* UniversitiesAssignmentTests.xctest */;
			productType = "com.apple.product-type.bundle.unit-test";
		};
		2FDC778A2BE56535002F0947 /* UniversitiesAssignmentUITests */ = {
			isa = PBXNativeTarget;
			buildConfigurationList = 2FDC779B2BE56535002F0947 /* Build configuration list for PBXNativeTarget "UniversitiesAssignmentUITests" */;
			buildPhases = (
				2FDC77872BE56535002F0947 /* Sources */,
				2FDC77882BE56535002F0947 /* Frameworks */,
				2FDC77892BE56535002F0947 /* Resources */,
			);
			buildRules = (
			);
			dependencies = (
				2FDC778D2BE56535002F0947 /* PBXTargetDependency */,
			);
			name = UniversitiesAssignmentUITests;
			productName = UniversitiesAssignmentUITests;
			productReference = 2FDC778B2BE56535002F0947 /* UniversitiesAssignmentUITests.xctest */;
			productType = "com.apple.product-type.bundle.ui-testing";
		};
/* End PBXNativeTarget section */

/* Begin PBXProject section */
		2FDC77632BE56531002F0947 /* Project object */ = {
			isa = PBXProject;
			attributes = {
				BuildIndependentTargetsInParallel = 1;
				LastSwiftUpdateCheck = 1530;
				LastUpgradeCheck = 1530;
				TargetAttributes = {
					2FDC776A2BE56531002F0947 = {
						CreatedOnToolsVersion = 15.3;
					};
					2FDC77802BE56535002F0947 = {
						CreatedOnToolsVersion = 15.3;
						TestTargetID = 2FDC776A2BE56531002F0947;
					};
					2FDC778A2BE56535002F0947 = {
						CreatedOnToolsVersion = 15.3;
						TestTargetID = 2FDC776A2BE56531002F0947;
					};
				};
			};
			buildConfigurationList = 2FDC77662BE56531002F0947 /* Build configuration list for PBXProject "UniversitiesAssignment" */;
			compatibilityVersion = "Xcode 14.0";
			developmentRegion = en;
			hasScannedForEncodings = 0;
			knownRegions = (
				en,
				Base,
			);
			mainGroup = 2FDC77622BE56531002F0947;
			productRefGroup = 2FDC776C2BE56531002F0947 /* Products */;
			projectDirPath = "";
			projectRoot = "";
			targets = (
				2FDC776A2BE56531002F0947 /* UniversitiesAssignment */,
				2FDC77802BE56535002F0947 /* UniversitiesAssignmentTests */,
				2FDC778A2BE56535002F0947 /* UniversitiesAssignmentUITests */,
			);
		};
/* End PBXProject section */

/* Begin PBXResourcesBuildPhase section */
		2FDC77692BE56531002F0947 /* Resources */ = {
			isa = PBXResourcesBuildPhase;
			buildActionMask = 2147483647;
			files = (
				2FDC77782BE56534002F0947 /* Assets.xcassets in Resources */,
				2FDC777B2BE56534002F0947 /* Base in Resources */,
				2FDC77762BE56531002F0947 /* Base in Resources */,
			);
			runOnlyForDeploymentPostprocessing = 0;
		};
		2FDC777F2BE56535002F0947 /* Resources */ = {
			isa = PBXResourcesBuildPhase;
			buildActionMask = 2147483647;
			files = (
			);
			runOnlyForDeploymentPostprocessing = 0;
		};
		2FDC77892BE56535002F0947 /* Resources */ = {
			isa = PBXResourcesBuildPhase;
			buildActionMask = 2147483647;
			files = (
			);
			runOnlyForDeploymentPostprocessing = 0;
		};
/* End PBXResourcesBuildPhase section */

/* Begin PBXSourcesBuildPhase section */
		2FDC77672BE56531002F0947 /* Sources */ = {
			isa = PBXSourcesBuildPhase;
			buildActionMask = 2147483647;
			files = (
				2FDC77732BE56531002F0947 /* ViewController.swift in Sources */,
				2FDC776F2BE56531002F0947 /* AppDelegate.swift in Sources */,
				2FDC77712BE56531002F0947 /* SceneDelegate.swift in Sources */,
			);
			runOnlyForDeploymentPostprocessing = 0;
		};
		2FDC777D2BE56535002F0947 /* Sources */ = {
			isa = PBXSourcesBuildPhase;
			buildActionMask = 2147483647;
			files = (
				2FDC77862BE56535002F0947 /* UniversitiesAssignmentTests.swift in Sources */,
			);
			runOnlyForDeploymentPostprocessing = 0;
		};
		2FDC77872BE56535002F0947 /* Sources */ = {
			isa = PBXSourcesBuildPhase;
			buildActionMask = 2147483647;
			files = (
				2FDC77902BE56535002F0947 /* UniversitiesAssignmentUITests.swift in Sources */,
				2FDC77922BE56535002F0947 /* UniversitiesAssignmentUITestsLaunchTests.swift in Sources */,
			);
			runOnlyForDeploymentPostprocessing = 0;
		};
/* End PBXSourcesBuildPhase section */

/* Begin PBXTargetDependency section */
		2FDC77832BE56535002F0947 /* PBXTargetDependency */ = {
			isa = PBXTargetDependency;
			target = 2FDC776A2BE56531002F0947 /* UniversitiesAssignment */;
			targetProxy = 2FDC77822BE56535002F0947 /* PBXContainerItemProxy */;
		};
		2FDC778D2BE56535002F0947 /* PBXTargetDependency */ = {
			isa = PBXTargetDependency;
			target = 2FDC776A2BE56531002F0947 /* UniversitiesAssignment */;
			targetProxy = 2FDC778C2BE56535002F0947 /* PBXContainerItemProxy */;
		};
/* End PBXTargetDependency section */

/* Begin PBXVariantGroup section */
		2FDC77742BE56531002F0947 /* Main.storyboard */ = {
			isa = PBXVariantGroup;
			children = (
				2FDC77752BE56531002F0947 /* Base */,
			);
			name = Main.storyboard;
			sourceTree = "<group>";
		};
		2FDC77792BE56534002F0947 /* LaunchScreen.storyboard */ = {
			isa = PBXVariantGroup;
			children = (
				2FDC777A2BE56534002F0947 /* Base */,
			);
			name = LaunchScreen.storyboard;
			sourceTree = "<group>";
		};
/* End PBXVariantGroup section */

/* Begin XCBuildConfiguration section */
		2FDC77932BE56535002F0947 /* Debug */ = {
			isa = XCBuildConfiguration;
			buildSettings = {
				ALWAYS_SEARCH_USER_PATHS = NO;
				ASSETCATALOG_COMPILER_GENERATE_SWIFT_ASSET_SYMBOL_EXTENSIONS = YES;
				CLANG_ANALYZER_NONNULL = YES;
				CLANG_ANALYZER_NUMBER_OBJECT_CONVERSION = YES_AGGRESSIVE;
				CLANG_CXX_LANGUAGE_STANDARD = "gnu++20";
				CLANG_ENABLE_MODULES = YES;
				CLANG_ENABLE_OBJC_ARC = YES;
				CLANG_ENABLE_OBJC_WEAK = YES;
				CLANG_WARN_BLOCK_CAPTURE_AUTORELEASING = YES;
				CLANG_WARN_BOOL_CONVERSION = YES;
				CLANG_WARN_COMMA = YES;
				CLANG_WARN_CONSTANT_CONVERSION = YES;
				CLANG_WARN_DEPRECATED_OBJC_IMPLEMENTATIONS = YES;
				CLANG_WARN_DIRECT_OBJC_ISA_USAGE = YES_ERROR;
				CLANG_WARN_DOCUMENTATION_COMMENTS = YES;
				CLANG_WARN_EMPTY_BODY = YES;
				CLANG_WARN_ENUM_CONVERSION = YES;
				CLANG_WARN_INFINITE_RECURSION = YES;
				CLANG_WARN_INT_CONVERSION = YES;
				CLANG_WARN_NON_LITERAL_NULL_CONVERSION = YES;
				CLANG_WARN_OBJC_IMPLICIT_RETAIN_SELF = YES;
				CLANG_WARN_OBJC_LITERAL_CONVERSION = YES;
				CLANG_WARN_OBJC_ROOT_CLASS = YES_ERROR;
				CLANG_WARN_QUOTED_INCLUDE_IN_FRAMEWORK_HEADER = YES;
				CLANG_WARN_RANGE_LOOP_ANALYSIS = YES;
				CLANG_WARN_STRICT_PROTOTYPES = YES;
				CLANG_WARN_SUSPICIOUS_MOVE = YES;
				CLANG_WARN_UNGUARDED_AVAILABILITY = YES_AGGRESSIVE;
				CLANG_WARN_UNREACHABLE_CODE = YES;
				CLANG_WARN__DUPLICATE_METHOD_MATCH = YES;
				COPY_PHASE_STRIP = NO;
				DEBUG_INFORMATION_FORMAT = dwarf;
				ENABLE_STRICT_OBJC_MSGSEND = YES;
				ENABLE_TESTABILITY = YES;
				ENABLE_USER_SCRIPT_SANDBOXING = YES;
				GCC_C_LANGUAGE_STANDARD = gnu17;
				GCC_DYNAMIC_NO_PIC = NO;
				GCC_NO_COMMON_BLOCKS = YES;
				GCC_OPTIMIZATION_LEVEL = 0;
				GCC_PREPROCESSOR_DEFINITIONS = (
					"DEBUG=1",
					"$(inherited)",
				);
				GCC_WARN_64_TO_32_BIT_CONVERSION = YES;
				GCC_WARN_ABOUT_RETURN_TYPE = YES_ERROR;
				GCC_WARN_UNDECLARED_SELECTOR = YES;
				GCC_WARN_UNINITIALIZED_AUTOS = YES_AGGRESSIVE;
				GCC_WARN_UNUSED_FUNCTION = YES;
				GCC_WARN_UNUSED_VARIABLE = YES;
				IPHONEOS_DEPLOYMENT_TARGET = 17.4;
				LOCALIZATION_PREFERS_STRING_CATALOGS = YES;
				MTL_ENABLE_DEBUG_INFO = INCLUDE_SOURCE;
				MTL_FAST_MATH = YES;
				ONLY_ACTIVE_ARCH = YES;
				SDKROOT = iphoneos;
				SWIFT_ACTIVE_COMPILATION_CONDITIONS = "DEBUG $(inherited)";
				SWIFT_OPTIMIZATION_LEVEL = "-Onone";
			};
			name = Debug;
		};
		2FDC77942BE56535002F0947 /* Release */ = {
			isa = XCBuildConfiguration;
			buildSettings = {
				ALWAYS_SEARCH_USER_PATHS = NO;
				ASSETCATALOG_COMPILER_GENERATE_SWIFT_ASSET_SYMBOL_EXTENSIONS = YES;
				CLANG_ANALYZER_NONNULL = YES;
				CLANG_ANALYZER_NUMBER_OBJECT_CONVERSION = YES_AGGRESSIVE;
				CLANG_CXX_LANGUAGE_STANDARD = "gnu++20";
				CLANG_ENABLE_MODULES = YES;
				CLANG_ENABLE_OBJC_ARC = YES;
				CLANG_ENABLE_OBJC_WEAK = YES;
				CLANG_WARN_BLOCK_CAPTURE_AUTORELEASING = YES;
				CLANG_WARN_BOOL_CONVERSION = YES;
				CLANG_WARN_COMMA = YES;
				CLANG_WARN_CONSTANT_CONVERSION = YES;
				CLANG_WARN_DEPRECATED_OBJC_IMPLEMENTATIONS = YES;
				CLANG_WARN_DIRECT_OBJC_ISA_USAGE = YES_ERROR;
				CLANG_WARN_DOCUMENTATION_COMMENTS = YES;
				CLANG_WARN_EMPTY_BODY = YES;
				CLANG_WARN_ENUM_CONVERSION = YES;
				CLANG_WARN_INFINITE_RECURSION = YES;
				CLANG_WARN_INT_CONVERSION = YES;
				CLANG_WARN_NON_LITERAL_NULL_CONVERSION = YES;
				CLANG_WARN_OBJC_IMPLICIT_RETAIN_SELF = YES;
				CLANG_WARN_OBJC_LITERAL_CONVERSION = YES;
				CLANG_WARN_OBJC_ROOT_CLASS = YES_ERROR;
				CLANG_WARN_QUOTED_INCLUDE_IN_FRAMEWORK_HEADER = YES;
				CLANG_WARN_RANGE_LOOP_ANALYSIS = YES;
				CLANG_WARN_STRICT_PROTOTYPES = YES;
				CLANG_WARN_SUSPICIOUS_MOVE = YES;
				CLANG_WARN_UNGUARDED_AVAILABILITY = YES_AGGRESSIVE;
				CLANG_WARN_UNREACHABLE_CODE = YES;
				CLANG_WARN__DUPLICATE_METHOD_MATCH = YES;
				COPY_PHASE_STRIP = NO;
				DEBUG_INFORMATION_FORMAT = "dwarf-with-dsym";
				ENABLE_NS_ASSERTIONS = NO;
				ENABLE_STRICT_OBJC_MSGSEND = YES;
				ENABLE_USER_SCRIPT_SANDBOXING = YES;
				GCC_C_LANGUAGE_STANDARD = gnu17;
				GCC_NO_COMMON_BLOCKS = YES;
				GCC_WARN_64_TO_32_BIT_CONVERSION = YES;
				GCC_WARN_ABOUT_RETURN_TYPE = YES_ERROR;
				GCC_WARN_UNDECLARED_SELECTOR = YES;
				GCC_WARN_UNINITIALIZED_AUTOS = YES_AGGRESSIVE;
				GCC_WARN_UNUSED_FUNCTION = YES;
				GCC_WARN_UNUSED_VARIABLE = YES;
				IPHONEOS_DEPLOYMENT_TARGET = 17.4;
				LOCALIZATION_PREFERS_STRING_CATALOGS = YES;
				MTL_ENABLE_DEBUG_INFO = NO;
				MTL_FAST_MATH = YES;
				SDKROOT = iphoneos;
				SWIFT_COMPILATION_MODE = wholemodule;
				VALIDATE_PRODUCT = YES;
			};
			name = Release;
		};
		2FDC77962BE56535002F0947 /* Debug */ = {
			isa = XCBuildConfiguration;
			buildSettings = {
				ASSETCATALOG_COMPILER_APPICON_NAME = AppIcon;
				ASSETCATALOG_COMPILER_GLOBAL_ACCENT_COLOR_NAME = AccentColor;
				CODE_SIGN_STYLE = Automatic;
				CURRENT_PROJECT_VERSION = 1;
				DEVELOPMENT_TEAM = XNC5C24RYH;
				GENERATE_INFOPLIST_FILE = YES;
				INFOPLIST_FILE = UniversitiesAssignment/Info.plist;
				INFOPLIST_KEY_UIApplicationSupportsIndirectInputEvents = YES;
				INFOPLIST_KEY_UILaunchStoryboardName = LaunchScreen;
				INFOPLIST_KEY_UIMainStoryboardFile = Main;
				INFOPLIST_KEY_UISupportedInterfaceOrientations_iPad = "UIInterfaceOrientationPortrait UIInterfaceOrientationPortraitUpsideDown UIInterfaceOrientationLandscapeLeft UIInterfaceOrientationLandscapeRight";
				INFOPLIST_KEY_UISupportedInterfaceOrientations_iPhone = "UIInterfaceOrientationPortrait UIInterfaceOrientationLandscapeLeft UIInterfaceOrientationLandscapeRight";
				LD_RUNPATH_SEARCH_PATHS = (
					"$(inherited)",
					"@executable_path/Frameworks",
				);
				MARKETING_VERSION = 1.0;
				PRODUCT_BUNDLE_IDENTIFIER = com.universitiesassignment.app.UniversitiesAssignment;
				PRODUCT_NAME = "$(TARGET_NAME)";
				SWIFT_EMIT_LOC_STRINGS = YES;
				SWIFT_VERSION = 5.0;
				TARGETED_DEVICE_FAMILY = "1,2";
			};
			name = Debug;
		};
		2FDC77972BE56535002F0947 /* Release */ = {
			isa = XCBuildConfiguration;
			buildSettings = {
				ASSETCATALOG_COMPILER_APPICON_NAME = AppIcon;
				ASSETCATALOG_COMPILER_GLOBAL_ACCENT_COLOR_NAME = AccentColor;
				CODE_SIGN_STYLE = Automatic;
				CURRENT_PROJECT_VERSION = 1;
				DEVELOPMENT_TEAM = XNC5C24RYH;
				GENERATE_INFOPLIST_FILE = YES;
				INFOPLIST_FILE = UniversitiesAssignment/Info.plist;
				INFOPLIST_KEY_UIApplicationSupportsIndirectInputEvents = YES;
				INFOPLIST_KEY_UILaunchStoryboardName = LaunchScreen;
				INFOPLIST_KEY_UIMainStoryboardFile = Main;
				INFOPLIST_KEY_UISupportedInterfaceOrientations_iPad = "UIInterfaceOrientationPortrait UIInterfaceOrientationPortraitUpsideDown UIInterfaceOrientationLandscapeLeft UIInterfaceOrientationLandscapeRight";
				INFOPLIST_KEY_UISupportedInterfaceOrientations_iPhone = "UIInterfaceOrientationPortrait UIInterfaceOrientationLandscapeLeft UIInterfaceOrientationLandscapeRight";
				LD_RUNPATH_SEARCH_PATHS = (
					"$(inherited)",
					"@executable_path/Frameworks",
				);
				MARKETING_VERSION = 1.0;
				PRODUCT_BUNDLE_IDENTIFIER = com.universitiesassignment.app.UniversitiesAssignment;
				PRODUCT_NAME = "$(TARGET_NAME)";
				SWIFT_EMIT_LOC_STRINGS = YES;
				SWIFT_VERSION = 5.0;
				TARGETED_DEVICE_FAMILY = "1,2";
			};
			name = Release;
		};
		2FDC77992BE56535002F0947 /* Debug */ = {
			isa = XCBuildConfiguration;
			buildSettings = {
				ALWAYS_EMBED_SWIFT_STANDARD_LIBRARIES = YES;
				BUNDLE_LOADER = "$(TEST_HOST)";
				CODE_SIGN_STYLE = Automatic;
				CURRENT_PROJECT_VERSION = 1;
				DEVELOPMENT_TEAM = XNC5C24RYH;
				GENERATE_INFOPLIST_FILE = YES;
				IPHONEOS_DEPLOYMENT_TARGET = 17.4;
				MARKETING_VERSION = 1.0;
				PRODUCT_BUNDLE_IDENTIFIER = com.universitiesassignment.app.UniversitiesAssignmentTests;
				PRODUCT_NAME = "$(TARGET_NAME)";
				SWIFT_EMIT_LOC_STRINGS = NO;
				SWIFT_VERSION = 5.0;
				TARGETED_DEVICE_FAMILY = "1,2";
				TEST_HOST = "$(BUILT_PRODUCTS_DIR)/UniversitiesAssignment.app/$(BUNDLE_EXECUTABLE_FOLDER_PATH)/UniversitiesAssignment";
			};
			name = Debug;
		};
		2FDC779A2BE56535002F0947 /* Release */ = {
			isa = XCBuildConfiguration;
			buildSettings = {
				ALWAYS_EMBED_SWIFT_STANDARD_LIBRARIES = YES;
				BUNDLE_LOADER = "$(TEST_HOST)";
				CODE_SIGN_STYLE = Automatic;
				CURRENT_PROJECT_VERSION = 1;
				DEVELOPMENT_TEAM = XNC5C24RYH;
				GENERATE_INFOPLIST_FILE = YES;
				IPHONEOS_DEPLOYMENT_TARGET = 17.4;
				MARKETING_VERSION = 1.0;
				PRODUCT_BUNDLE_IDENTIFIER = com.universitiesassignment.app.UniversitiesAssignmentTests;
				PRODUCT_NAME = "$(TARGET_NAME)";
				SWIFT_EMIT_LOC_STRINGS = NO;
				SWIFT_VERSION = 5.0;
				TARGETED_DEVICE_FAMILY = "1,2";
				TEST_HOST = "$(BUILT_PRODUCTS_DIR)/UniversitiesAssignment.app/$(BUNDLE_EXECUTABLE_FOLDER_PATH)/UniversitiesAssignment";
			};
			name = Release;
		};
		2FDC779C2BE56535002F0947 /* Debug */ = {
			isa = XCBuildConfiguration;
			buildSettings = {
				ALWAYS_EMBED_SWIFT_STANDARD_LIBRARIES = YES;
				CODE_SIGN_STYLE = Automatic;
				CURRENT_PROJECT_VERSION = 1;
				DEVELOPMENT_TEAM = XNC5C24RYH;
				GENERATE_INFOPLIST_FILE = YES;
				MARKETING_VERSION = 1.0;
				PRODUCT_BUNDLE_IDENTIFIER = com.universitiesassignment.app.UniversitiesAssignmentUITests;
				PRODUCT_NAME = "$(TARGET_NAME)";
				SWIFT_EMIT_LOC_STRINGS = NO;
				SWIFT_VERSION = 5.0;
				TARGETED_DEVICE_FAMILY = "1,2";
				TEST_TARGET_NAME = UniversitiesAssignment;
			};
			name = Debug;
		};
		2FDC779D2BE56535002F0947 /* Release */ = {
			isa = XCBuildConfiguration;
			buildSettings = {
				ALWAYS_EMBED_SWIFT_STANDARD_LIBRARIES = YES;
				CODE_SIGN_STYLE = Automatic;
				CURRENT_PROJECT_VERSION = 1;
				DEVELOPMENT_TEAM = XNC5C24RYH;
				GENERATE_INFOPLIST_FILE = YES;
				MARKETING_VERSION = 1.0;
				PRODUCT_BUNDLE_IDENTIFIER = com.universitiesassignment.app.UniversitiesAssignmentUITests;
				PRODUCT_NAME = "$(TARGET_NAME)";
				SWIFT_EMIT_LOC_STRINGS = NO;
				SWIFT_VERSION = 5.0;
				TARGETED_DEVICE_FAMILY = "1,2";
				TEST_TARGET_NAME = UniversitiesAssignment;
			};
			name = Release;
		};
/* End XCBuildConfiguration section */

/* Begin XCConfigurationList section */
		2FDC77662BE56531002F0947 /* Build configuration list for PBXProject "UniversitiesAssignment" */ = {
			isa = XCConfigurationList;
			buildConfigurations = (
				2FDC77932BE56535002F0947 /* Debug */,
				2FDC77942BE56535002F0947 /* Release */,
			);
			defaultConfigurationIsVisible = 0;
			defaultConfigurationName = Release;
		};
		2FDC77952BE56535002F0947 /* Build configuration list for PBXNativeTarget "UniversitiesAssignment" */ = {
			isa = XCConfigurationList;
			buildConfigurations = (
				2FDC77962BE56535002F0947 /* Debug */,
				2FDC77972BE56535002F0947 /* Release */,
			);
			defaultConfigurationIsVisible = 0;
			defaultConfigurationName = Release;
		};
		2FDC77982BE56535002F0947 /* Build configuration list for PBXNativeTarget "UniversitiesAssignmentTests" */ = {
			isa = XCConfigurationList;
			buildConfigurations = (
				2FDC77992BE56535002F0947 /* Debug */,
				2FDC779A2BE56535002F0947 /* Release */,
			);
			defaultConfigurationIsVisible = 0;
			defaultConfigurationName = Release;
		};
		2FDC779B2BE56535002F0947 /* Build configuration list for PBXNativeTarget "UniversitiesAssignmentUITests" */ = {
			isa = XCConfigurationList;
			buildConfigurations = (
				2FDC779C2BE56535002F0947 /* Debug */,
				2FDC779D2BE56535002F0947 /* Release */,
			);
			defaultConfigurationIsVisible = 0;
			defaultConfigurationName = Release;
		};
/* End XCConfigurationList section */
	};
	rootObject = 2FDC77632BE56531002F0947 /* Project object */;
}
