// !$*UTF8*$!
{
	archiveVersion = 1;
	classes = {
	};
	objectVersion = 56;
	objects = {

/* Begin PBXBuildFile section */
		2F509BB32BE844C6004E32DB /* UniversitiesList.framework in Frameworks */ = {isa = PBXBuildFile; fileRef = 2F509BB22BE844C6004E32DB /* UniversitiesList.framework */; };
		2F509BB42BE844C6004E32DB /* UniversitiesList.framework in Embed Frameworks */ = {isa = PBXBuildFile; fileRef = 2F509BB22BE844C6004E32DB /* UniversitiesList.framework */; settings = {ATTRIBUTES = (CodeSignOnCopy, RemoveHeadersOnCopy, ); }; };
		2F509BEE2BE87D06004E32DB /* UniversityDetails.framework in Frameworks */ = {isa = PBXBuildFile; fileRef = 2F509BED2BE87D06004E32DB /* UniversityDetails.framework */; };
		2F509BEF2BE87D06004E32DB /* UniversityDetails.framework in Embed Frameworks */ = {isa = PBXBuildFile; fileRef = 2F509BED2BE87D06004E32DB /* UniversityDetails.framework */; settings = {ATTRIBUTES = (CodeSignOnCopy, RemoveHeadersOnCopy, ); }; };
		2FABFBE32BE740FF0044DE9E /* AppFlow.swift in Sources */ = {isa = PBXBuildFile; fileRef = 2FABFBE22BE740FF0044DE9E /* AppFlow.swift */; };
		2FDC776F2BE56531002F0947 /* AppDelegate.swift in Sources */ = {isa = PBXBuildFile; fileRef = 2FDC776E2BE56531002F0947 /* AppDelegate.swift */; };
		2FDC77712BE56531002F0947 /* SceneDelegate.swift in Sources */ = {isa = PBXBuildFile; fileRef = 2FDC77702BE56531002F0947 /* SceneDelegate.swift */; };
		2FDC77782BE56534002F0947 /* Assets.xcassets in Resources */ = {isa = PBXBuildFile; fileRef = 2FDC77772BE56534002F0947 /* Assets.xcassets */; };
		2FDC777B2BE56534002F0947 /* Base in Resources */ = {isa = PBXBuildFile; fileRef = 2FDC777A2BE56534002F0947 /* Base */; };
/* End PBXBuildFile section */

/* Begin PBXCopyFilesBuildPhase section */
		2F509BB52BE844C6004E32DB /* Embed Frameworks */ = {
			isa = PBXCopyFilesBuildPhase;
			buildActionMask = 2147483647;
			dstPath = "";
			dstSubfolderSpec = 10;
			files = (
				2F509BB42BE844C6004E32DB /* UniversitiesList.framework in Embed Frameworks */,
				2F509BEF2BE87D06004E32DB /* UniversityDetails.framework in Embed Frameworks */,
			);
			name = "Embed Frameworks";
			runOnlyForDeploymentPostprocessing = 0;
		};
/* End PBXCopyFilesBuildPhase section */

/* Begin PBXFileReference section */
		2F4ABE572BE7C34D00F05C91 /* AppServices.framework */ = {isa = PBXFileReference; explicitFileType = wrapper.framework; path = AppServices.framework; sourceTree = BUILT_PRODUCTS_DIR; };
		2F509BB22BE844C6004E32DB /* UniversitiesList.framework */ = {isa = PBXFileReference; explicitFileType = wrapper.framework; path = UniversitiesList.framework; sourceTree = BUILT_PRODUCTS_DIR; };
		2F509BED2BE87D06004E32DB /* UniversityDetails.framework */ = {isa = PBXFileReference; explicitFileType = wrapper.framework; path = UniversityDetails.framework; sourceTree = BUILT_PRODUCTS_DIR; };
		2FABFBE22BE740FF0044DE9E /* AppFlow.swift */ = {isa = PBXFileReference; lastKnownFileType = sourcecode.swift; path = AppFlow.swift; sourceTree = "<group>"; };
		2FDC776B2BE56531002F0947 /* UniversitiesAssignment.app */ = {isa = PBXFileReference; explicitFileType = wrapper.application; includeInIndex = 0; path = UniversitiesAssignment.app; sourceTree = BUILT_PRODUCTS_DIR; };
		2FDC776E2BE56531002F0947 /* AppDelegate.swift */ = {isa = PBXFileReference; lastKnownFileType = sourcecode.swift; path = AppDelegate.swift; sourceTree = "<group>"; };
		2FDC77702BE56531002F0947 /* SceneDelegate.swift */ = {isa = PBXFileReference; lastKnownFileType = sourcecode.swift; path = SceneDelegate.swift; sourceTree = "<group>"; };
		2FDC77772BE56534002F0947 /* Assets.xcassets */ = {isa = PBXFileReference; lastKnownFileType = folder.assetcatalog; path = Assets.xcassets; sourceTree = "<group>"; };
		2FDC777A2BE56534002F0947 /* Base */ = {isa = PBXFileReference; lastKnownFileType = file.storyboard; name = Base; path = Base.lproj/LaunchScreen.storyboard; sourceTree = "<group>"; };
		2FDC777C2BE56534002F0947 /* Info.plist */ = {isa = PBXFileReference; lastKnownFileType = text.plist.xml; path = Info.plist; sourceTree = "<group>"; };
/* End PBXFileReference section */

/* Begin PBXFrameworksBuildPhase section */
		2FDC77682BE56531002F0947 /* Frameworks */ = {
			isa = PBXFrameworksBuildPhase;
			buildActionMask = 2147483647;
			files = (
				2F509BB32BE844C6004E32DB /* UniversitiesList.framework in Frameworks */,
				2F509BEE2BE87D06004E32DB /* UniversityDetails.framework in Frameworks */,
			);
			runOnlyForDeploymentPostprocessing = 0;
		};
/* End PBXFrameworksBuildPhase section */

/* Begin PBXGroup section */
		0ED3FA9A7F96505BA4AC52A5 /* Frameworks */ = {
			isa = PBXGroup;
			children = (
				2F509BED2BE87D06004E32DB /* UniversityDetails.framework */,
				2F509BB22BE844C6004E32DB /* UniversitiesList.framework */,
				2F4ABE572BE7C34D00F05C91 /* AppServices.framework */,
			);
			name = Frameworks;
			sourceTree = "<group>";
		};
		2F9F767B2BE56DF800C5BC71 /* Core */ = {
			isa = PBXGroup;
			children = (
				2FDC776E2BE56531002F0947 /* AppDelegate.swift */,
				2FDC77702BE56531002F0947 /* SceneDelegate.swift */,
			);
			path = Core;
			sourceTree = "<group>";
		};
		2F9F767C2BE56E1200C5BC71 /* Configuration */ = {
			isa = PBXGroup;
			children = (
				2FDC777C2BE56534002F0947 /* Info.plist */,
			);
			path = Configuration;
			sourceTree = "<group>";
		};
		2F9F767D2BE56E2800C5BC71 /* Resources */ = {
			isa = PBXGroup;
			children = (
				2FDC77772BE56534002F0947 /* Assets.xcassets */,
				2FDC77792BE56534002F0947 /* LaunchScreen.storyboard */,
			);
			path = Resources;
			sourceTree = "<group>";
		};
		2FABFBE12BE740E40044DE9E /* AppFlow */ = {
			isa = PBXGroup;
			children = (
				2FABFBE22BE740FF0044DE9E /* AppFlow.swift */,
			);
			path = AppFlow;
			sourceTree = "<group>";
		};
		2FDC77622BE56531002F0947 = {
			isa = PBXGroup;
			children = (
				2FDC776D2BE56531002F0947 /* UniversitiesAssignment */,
				2FDC776C2BE56531002F0947 /* Products */,
				0ED3FA9A7F96505BA4AC52A5 /* Frameworks */,
			);
			sourceTree = "<group>";
		};
		2FDC776C2BE56531002F0947 /* Products */ = {
			isa = PBXGroup;
			children = (
				2FDC776B2BE56531002F0947 /* UniversitiesAssignment.app */,
			);
			name = Products;
			sourceTree = "<group>";
		};
		2FDC776D2BE56531002F0947 /* UniversitiesAssignment */ = {
			isa = PBXGroup;
			children = (
				2F9F767B2BE56DF800C5BC71 /* Core */,
				2FABFBE12BE740E40044DE9E /* AppFlow */,
				2F9F767C2BE56E1200C5BC71 /* Configuration */,
				2F9F767D2BE56E2800C5BC71 /* Resources */,
			);
			path = UniversitiesAssignment;
			sourceTree = "<group>";
		};
/* End PBXGroup section */

/* Begin PBXNativeTarget section */
		2FDC776A2BE56531002F0947 /* UniversitiesAssignment */ = {
			isa = PBXNativeTarget;
			buildConfigurationList = 2FDC77952BE56535002F0947 /* Build configuration list for PBXNativeTarget "UniversitiesAssignment" */;
			buildPhases = (
				2FDC77672BE56531002F0947 /* Sources */,
				2FDC77682BE56531002F0947 /* Frameworks */,
				2FDC77692BE56531002F0947 /* Resources */,
				2F509BB52BE844C6004E32DB /* Embed Frameworks */,
			);
			buildRules = (
			);
			dependencies = (
			);
			name = UniversitiesAssignment;
			productName = UniversitiesAssignment;
			productReference = 2FDC776B2BE56531002F0947 /* UniversitiesAssignment.app */;
			productType = "com.apple.product-type.application";
		};
/* End PBXNativeTarget section */

/* Begin PBXProject section */
		2FDC77632BE56531002F0947 /* Project object */ = {
			isa = PBXProject;
			attributes = {
				BuildIndependentTargetsInParallel = 1;
				LastSwiftUpdateCheck = 1530;
				LastUpgradeCheck = 1530;
				TargetAttributes = {
					2FDC776A2BE56531002F0947 = {
						CreatedOnToolsVersion = 15.3;
					};
				};
			};
			buildConfigurationList = 2FDC77662BE56531002F0947 /* Build configuration list for PBXProject "UniversitiesAssignment" */;
			compatibilityVersion = "Xcode 14.0";
			developmentRegion = en;
			hasScannedForEncodings = 0;
			knownRegions = (
				en,
				Base,
			);
			mainGroup = 2FDC77622BE56531002F0947;
			productRefGroup = 2FDC776C2BE56531002F0947 /* Products */;
			projectDirPath = "";
			projectRoot = "";
			targets = (
				2FDC776A2BE56531002F0947 /* UniversitiesAssignment */,
			);
		};
/* End PBXProject section */

/* Begin PBXResourcesBuildPhase section */
		2FDC77692BE56531002F0947 /* Resources */ = {
			isa = PBXResourcesBuildPhase;
			buildActionMask = 2147483647;
			files = (
				2FDC77782BE56534002F0947 /* Assets.xcassets in Resources */,
				2FDC777B2BE56534002F0947 /* Base in Resources */,
			);
			runOnlyForDeploymentPostprocessing = 0;
		};
/* End PBXResourcesBuildPhase section */

/* Begin PBXSourcesBuildPhase section */
		2FDC77672BE56531002F0947 /* Sources */ = {
			isa = PBXSourcesBuildPhase;
			buildActionMask = 2147483647;
			files = (
				2FDC776F2BE56531002F0947 /* AppDelegate.swift in Sources */,
				2FABFBE32BE740FF0044DE9E /* AppFlow.swift in Sources */,
				2FDC77712BE56531002F0947 /* SceneDelegate.swift in Sources */,
			);
			runOnlyForDeploymentPostprocessing = 0;
		};
/* End PBXSourcesBuildPhase section */

/* Begin PBXVariantGroup section */
		2FDC77792BE56534002F0947 /* LaunchScreen.storyboard */ = {
			isa = PBXVariantGroup;
			children = (
				2FDC777A2BE56534002F0947 /* Base */,
			);
			name = LaunchScreen.storyboard;
			sourceTree = "<group>";
		};
/* End PBXVariantGroup section */

/* Begin XCBuildConfiguration section */
		2FDC77932BE56535002F0947 /* Debug */ = {
			isa = XCBuildConfiguration;
			buildSettings = {
				ALWAYS_SEARCH_USER_PATHS = NO;
				ASSETCATALOG_COMPILER_GENERATE_SWIFT_ASSET_SYMBOL_EXTENSIONS = YES;
				CLANG_ANALYZER_NONNULL = YES;
				CLANG_ANALYZER_NUMBER_OBJECT_CONVERSION = YES_AGGRESSIVE;
				CLANG_CXX_LANGUAGE_STANDARD = "gnu++20";
				CLANG_ENABLE_MODULES = YES;
				CLANG_ENABLE_OBJC_ARC = YES;
				CLANG_ENABLE_OBJC_WEAK = YES;
				CLANG_WARN_BLOCK_CAPTURE_AUTORELEASING = YES;
				CLANG_WARN_BOOL_CONVERSION = YES;
				CLANG_WARN_COMMA = YES;
				CLANG_WARN_CONSTANT_CONVERSION = YES;
				CLANG_WARN_DEPRECATED_OBJC_IMPLEMENTATIONS = YES;
				CLANG_WARN_DIRECT_OBJC_ISA_USAGE = YES_ERROR;
				CLANG_WARN_DOCUMENTATION_COMMENTS = YES;
				CLANG_WARN_EMPTY_BODY = YES;
				CLANG_WARN_ENUM_CONVERSION = YES;
				CLANG_WARN_INFINITE_RECURSION = YES;
				CLANG_WARN_INT_CONVERSION = YES;
				CLANG_WARN_NON_LITERAL_NULL_CONVERSION = YES;
				CLANG_WARN_OBJC_IMPLICIT_RETAIN_SELF = YES;
				CLANG_WARN_OBJC_LITERAL_CONVERSION = YES;
				CLANG_WARN_OBJC_ROOT_CLASS = YES_ERROR;
				CLANG_WARN_QUOTED_INCLUDE_IN_FRAMEWORK_HEADER = YES;
				CLANG_WARN_RANGE_LOOP_ANALYSIS = YES;
				CLANG_WARN_STRICT_PROTOTYPES = YES;
				CLANG_WARN_SUSPICIOUS_MOVE = YES;
				CLANG_WARN_UNGUARDED_AVAILABILITY = YES_AGGRESSIVE;
				CLANG_WARN_UNREACHABLE_CODE = YES;
				CLANG_WARN__DUPLICATE_METHOD_MATCH = YES;
				COPY_PHASE_STRIP = NO;
				DEBUG_INFORMATION_FORMAT = dwarf;
				ENABLE_STRICT_OBJC_MSGSEND = YES;
				ENABLE_TESTABILITY = YES;
				ENABLE_USER_SCRIPT_SANDBOXING = YES;
				GCC_C_LANGUAGE_STANDARD = gnu17;
				GCC_DYNAMIC_NO_PIC = NO;
				GCC_NO_COMMON_BLOCKS = YES;
				GCC_OPTIMIZATION_LEVEL = 0;
				GCC_PREPROCESSOR_DEFINITIONS = (
					"DEBUG=1",
					"$(inherited)",
				);
				GCC_WARN_64_TO_32_BIT_CONVERSION = YES;
				GCC_WARN_ABOUT_RETURN_TYPE = YES_ERROR;
				GCC_WARN_UNDECLARED_SELECTOR = YES;
				GCC_WARN_UNINITIALIZED_AUTOS = YES_AGGRESSIVE;
				GCC_WARN_UNUSED_FUNCTION = YES;
				GCC_WARN_UNUSED_VARIABLE = YES;
				IPHONEOS_DEPLOYMENT_TARGET = 17.4;
				LOCALIZATION_PREFERS_STRING_CATALOGS = YES;
				MTL_ENABLE_DEBUG_INFO = INCLUDE_SOURCE;
				MTL_FAST_MATH = YES;
				ONLY_ACTIVE_ARCH = YES;
				SDKROOT = iphoneos;
				SWIFT_ACTIVE_COMPILATION_CONDITIONS = "DEBUG $(inherited)";
				SWIFT_OPTIMIZATION_LEVEL = "-Onone";
			};
			name = Debug;
		};
		2FDC77942BE56535002F0947 /* Release */ = {
			isa = XCBuildConfiguration;
			buildSettings = {
				ALWAYS_SEARCH_USER_PATHS = NO;
				ASSETCATALOG_COMPILER_GENERATE_SWIFT_ASSET_SYMBOL_EXTENSIONS = YES;
				CLANG_ANALYZER_NONNULL = YES;
				CLANG_ANALYZER_NUMBER_OBJECT_CONVERSION = YES_AGGRESSIVE;
				CLANG_CXX_LANGUAGE_STANDARD = "gnu++20";
				CLANG_ENABLE_MODULES = YES;
				CLANG_ENABLE_OBJC_ARC = YES;
				CLANG_ENABLE_OBJC_WEAK = YES;
				CLANG_WARN_BLOCK_CAPTURE_AUTORELEASING = YES;
				CLANG_WARN_BOOL_CONVERSION = YES;
				CLANG_WARN_COMMA = YES;
				CLANG_WARN_CONSTANT_CONVERSION = YES;
				CLANG_WARN_DEPRECATED_OBJC_IMPLEMENTATIONS = YES;
				CLANG_WARN_DIRECT_OBJC_ISA_USAGE = YES_ERROR;
				CLANG_WARN_DOCUMENTATION_COMMENTS = YES;
				CLANG_WARN_EMPTY_BODY = YES;
				CLANG_WARN_ENUM_CONVERSION = YES;
				CLANG_WARN_INFINITE_RECURSION = YES;
				CLANG_WARN_INT_CONVERSION = YES;
				CLANG_WARN_NON_LITERAL_NULL_CONVERSION = YES;
				CLANG_WARN_OBJC_IMPLICIT_RETAIN_SELF = YES;
				CLANG_WARN_OBJC_LITERAL_CONVERSION = YES;
				CLANG_WARN_OBJC_ROOT_CLASS = YES_ERROR;
				CLANG_WARN_QUOTED_INCLUDE_IN_FRAMEWORK_HEADER = YES;
				CLANG_WARN_RANGE_LOOP_ANALYSIS = YES;
				CLANG_WARN_STRICT_PROTOTYPES = YES;
				CLANG_WARN_SUSPICIOUS_MOVE = YES;
				CLANG_WARN_UNGUARDED_AVAILABILITY = YES_AGGRESSIVE;
				CLANG_WARN_UNREACHABLE_CODE = YES;
				CLANG_WARN__DUPLICATE_METHOD_MATCH = YES;
				COPY_PHASE_STRIP = NO;
				DEBUG_INFORMATION_FORMAT = "dwarf-with-dsym";
				ENABLE_NS_ASSERTIONS = NO;
				ENABLE_STRICT_OBJC_MSGSEND = YES;
				ENABLE_USER_SCRIPT_SANDBOXING = YES;
				GCC_C_LANGUAGE_STANDARD = gnu17;
				GCC_NO_COMMON_BLOCKS = YES;
				GCC_WARN_64_TO_32_BIT_CONVERSION = YES;
				GCC_WARN_ABOUT_RETURN_TYPE = YES_ERROR;
				GCC_WARN_UNDECLARED_SELECTOR = YES;
				GCC_WARN_UNINITIALIZED_AUTOS = YES_AGGRESSIVE;
				GCC_WARN_UNUSED_FUNCTION = YES;
				GCC_WARN_UNUSED_VARIABLE = YES;
				IPHONEOS_DEPLOYMENT_TARGET = 17.4;
				LOCALIZATION_PREFERS_STRING_CATALOGS = YES;
				MTL_ENABLE_DEBUG_INFO = NO;
				MTL_FAST_MATH = YES;
				SDKROOT = iphoneos;
				SWIFT_COMPILATION_MODE = wholemodule;
				VALIDATE_PRODUCT = YES;
			};
			name = Release;
		};
		2FDC77962BE56535002F0947 /* Debug */ = {
			isa = XCBuildConfiguration;
			buildSettings = {
				ASSETCATALOG_COMPILER_APPICON_NAME = AppIcon;
				ASSETCATALOG_COMPILER_GLOBAL_ACCENT_COLOR_NAME = AccentColor;
				CODE_SIGN_STYLE = Automatic;
				CURRENT_PROJECT_VERSION = 1;
				DEVELOPMENT_TEAM = XNC5C24RYH;
				ENABLE_USER_SCRIPT_SANDBOXING = NO;
				GENERATE_INFOPLIST_FILE = YES;
				INFOPLIST_FILE = UniversitiesAssignment/Configuration/Info.plist;
				INFOPLIST_KEY_CFBundleDisplayName = Universities;
				INFOPLIST_KEY_UIApplicationSupportsIndirectInputEvents = YES;
				INFOPLIST_KEY_UILaunchStoryboardName = LaunchScreen;
				INFOPLIST_KEY_UISupportedInterfaceOrientations = UIInterfaceOrientationPortrait;
				INFOPLIST_KEY_UIUserInterfaceStyle = Light;
				IPHONEOS_DEPLOYMENT_TARGET = 15.0;
				LD_RUNPATH_SEARCH_PATHS = (
					"$(inherited)",
					"@executable_path/Frameworks",
					"$(PROJECT_DIR)",
				);
				MARKETING_VERSION = 1.0;
				PRODUCT_BUNDLE_IDENTIFIER = com.universitiesassignment.app;
				PRODUCT_NAME = "$(TARGET_NAME)";
				SUPPORTED_PLATFORMS = "iphoneos iphonesimulator";
				SUPPORTS_MACCATALYST = NO;
				SUPPORTS_MAC_DESIGNED_FOR_IPHONE_IPAD = NO;
				SUPPORTS_XR_DESIGNED_FOR_IPHONE_IPAD = NO;
				SWIFT_EMIT_LOC_STRINGS = YES;
				SWIFT_VERSION = 5.0;
				TARGETED_DEVICE_FAMILY = "1,2";
			};
			name = Debug;
		};
		2FDC77972BE56535002F0947 /* Release */ = {
			isa = XCBuildConfiguration;
			buildSettings = {
				ASSETCATALOG_COMPILER_APPICON_NAME = AppIcon;
				ASSETCATALOG_COMPILER_GLOBAL_ACCENT_COLOR_NAME = AccentColor;
				CODE_SIGN_STYLE = Automatic;
				CURRENT_PROJECT_VERSION = 1;
				DEVELOPMENT_TEAM = XNC5C24RYH;
				ENABLE_USER_SCRIPT_SANDBOXING = NO;
				GENERATE_INFOPLIST_FILE = YES;
				INFOPLIST_FILE = UniversitiesAssignment/Configuration/Info.plist;
				INFOPLIST_KEY_CFBundleDisplayName = Universities;
				INFOPLIST_KEY_UIApplicationSupportsIndirectInputEvents = YES;
				INFOPLIST_KEY_UILaunchStoryboardName = LaunchScreen;
				INFOPLIST_KEY_UISupportedInterfaceOrientations = UIInterfaceOrientationPortrait;
				INFOPLIST_KEY_UIUserInterfaceStyle = Light;
				IPHONEOS_DEPLOYMENT_TARGET = 15.0;
				LD_RUNPATH_SEARCH_PATHS = (
					"$(inherited)",
					"@executable_path/Frameworks",
					"$(PROJECT_DIR)",
				);
				MARKETING_VERSION = 1.0;
				PRODUCT_BUNDLE_IDENTIFIER = com.universitiesassignment.app;
				PRODUCT_NAME = "$(TARGET_NAME)";
				SUPPORTED_PLATFORMS = "iphoneos iphonesimulator";
				SUPPORTS_MACCATALYST = NO;
				SUPPORTS_MAC_DESIGNED_FOR_IPHONE_IPAD = NO;
				SUPPORTS_XR_DESIGNED_FOR_IPHONE_IPAD = NO;
				SWIFT_EMIT_LOC_STRINGS = YES;
				SWIFT_VERSION = 5.0;
				TARGETED_DEVICE_FAMILY = "1,2";
			};
			name = Release;
		};
/* End XCBuildConfiguration section */

/* Begin XCConfigurationList section */
		2FDC77662BE56531002F0947 /* Build configuration list for PBXProject "UniversitiesAssignment" */ = {
			isa = XCConfigurationList;
			buildConfigurations = (
				2FDC77932BE56535002F0947 /* Debug */,
				2FDC77942BE56535002F0947 /* Release */,
			);
			defaultConfigurationIsVisible = 0;
			defaultConfigurationName = Release;
		};
		2FDC77952BE56535002F0947 /* Build configuration list for PBXNativeTarget "UniversitiesAssignment" */ = {
			isa = XCConfigurationList;
			buildConfigurations = (
				2FDC77962BE56535002F0947 /* Debug */,
				2FDC77972BE56535002F0947 /* Release */,
			);
			defaultConfigurationIsVisible = 0;
			defaultConfigurationName = Release;
		};
/* End XCConfigurationList section */
	};
	rootObject = 2FDC77632BE56531002F0947 /* Project object */;
}
